<Solution>
  <Folder Name="/src/">
    <Project Path="src/Millrace.Storage.PostgreSql/Millrace.Storage.PostgreSql.csproj" />
    <Project Path="src/Millrace.Storage.SqlServer/Millrace.Storage.SqlServer.csproj" />
    <Project Path="src/Millrace.Storage.Verification/Millrace.Storage.Verification.csproj" />
    <Project Path="src/Millrace.Dashboard.Ui.React/Millrace.Dashboard.Ui.React.csproj" />
  <Project Path="src/Millrace.Dashboard.Ui.Angular/Millrace.Dashboard.Ui.Angular.csproj" />
    <Project Path="src/Millrace.Dashboard.Ui.Blazor/Millrace.Dashboard.Ui.Blazor.csproj" />
    <Project Path="src/Millrace.Dashboard/Millrace.Dashboard.csproj" />
    <Project Path="src/Millrace.Testing/Millrace.Testing.csproj" />
    <Project Path="src/Millrace/Millrace.csproj" />
  </Folder>
  <Folder Name="/samples/">
    <Project Path="samples/Millrace.Sample.Api/Millrace.Sample.Api.csproj" />
  </Folder>
  <Folder Name="/bench/">
    <Project Path="bench/Millrace.Benchmarks/Millrace.Benchmarks.csproj" />
  </Folder>
  <Folder Name="/test/">
    <Project Path="test/Millrace.Storage.PostgreSql.Tests/Millrace.Storage.PostgreSql.Tests.csproj" />
    <Project Path="test/Millrace.Storage.SqlServer.Tests/Millrace.Storage.SqlServer.Tests.csproj" />
    <Project Path="test/Millrace.Dashboard.Tests/Millrace.Dashboard.Tests.csproj" />
    <Project Path="test/Millrace.Tests/Millrace.Tests.csproj" />
  </Folder>
</Solution>
